version = 1
revision = 3
requires-python = ">=3.9"
resolution-markers = [
    "python_full_version >= '3.10'",
    "python_full_version < '3.10'",
]

[[package]]
name = "claude-statusbar"
version = "2.0.0"
source = { editable = "." }
dependencies = [
    { name = "platformdirs", version = "4.4.0", source = { registry = "https://pypi.org/simple" }, marker = "python_full_version < '3.10'" },
    { name = "platformdirs", version = "4.11.8", source = { registry = "https://pypi.org/simple" }, marker = "python_full_version >= '3.10'" },
    { name = "pyside6-essentials", version = "6.10.3", source = { registry = "https://pypi.org/simple" }, marker = "python_full_version < '3.10'" },
    { name = "pyside6-essentials", version = "6.11.2", source = { registry = "https://pypi.org/simple" }, marker = "python_full_version >= '3.10'" },
]

[package.metadata]
requires-dist = [
    { name = "platformdirs", specifier = ">=3.0" },
    { name = "pyside6-essentials", specifier = ">=6.6" },
]

[[package]]
name = "platformdirs"
version = "4.4.0"
source = { registry = "https://pypi.org/simple" }
resolution-markers = [
    "python_full_version < '3.10'",
]
sdist = { url = "https://files.pythonhosted.org/packages/23/e8/21db9c9987b0e728855bd57bff6984f67952bea55d6f75e055c46b5383e8/platformdirs-4.4.0.tar.gz", hash = "sha256:ca753cf4d81dc309bc67b0ea38fd15dc97bc30ce419a7f58d13eb3bf14c4febf", size = 21634, upload-time = "2025-08-26T14:32:04.268Z" }
wheels = [
    { url = "https://files.pythonhosted.org/packages/40/4b/2028861e724d3bd36227adfa20d3fd24c3fc6d52032f4a93c133be5d17ce/platformdirs-4.4.0-py3-none-any.whl", hash = "sha256:abd01743f24e5287cd7a5db3752faf1a2d65353f38ec26d98e25a6db65958c85", size = 18654, upload-time = "2025-08-26T14:32:02.735Z" },
]

[[package]]
name = "platformdirs"
version = "4.11.8"
source = { registry = "https://pypi.org/simple" }
resolution-markers = [
    "python_full_version >= '3.10'",
]
sdist = { url = "https://files.pythonhosted.org/packages/53/18/f3bb8ef0d3b930692343da8aa4d3cbcd6749477c053959395ac81965a6e9/platformdirs-4.11.8.tar.gz", hash = "sha256:f23abafea7dd4276d1f29104b83598d7dcc567cafd07c9c951e66665645437fc", size = 37182, upload-time = "2026-09-08T22:20:42.866Z" }
wheels = [
    { url = "https://files.pythonhosted.org/packages/f4/e1/5b7b8bbb55084d1425bcb9bc823ff519e1b2be05f6ebb0089e2eacc38413/platformdirs-4.11.8-py3-none-any.whl", hash = "sha256:52f2f181bbfde907966932cc8312d967d02976422d66d537ea16092b8e291081", size = 24027, upload-time = "2026-09-08T22:20:41.537Z" },
]

[[package]]
name = "pyside6-essentials"
version = "6.10.3"
source = { registry = "https://pypi.org/simple" }
resolution-markers = [
    "python_full_version < '3.10'",
]
dependencies = [
    { name = "shiboken6", version = "6.10.3", source = { registry = "https://pypi.org/simple" }, marker = "python_full_version < '3.10'" },
]
wheels = [
    { url = "https://files.pythonhosted.org/packages/11/09/b14fae948aa38140079dd585c4c11fe42f12ef3be5a417603512547c232f/pyside6_essentials-6.10.3-cp39-abi3-macosx_13_0_universal2.whl", hash = "sha256:8d7e2b826ac7f043dbfff487552c220517003927f6cfa14ab6a4824e8623a686", size = 106014872, upload-time = "2026-04-02T08:48:41.107Z" },
    { url = "https://files.pythonhosted.org/packages/df/78/1b2bc96e720c17b35f8d6f54a13d32fbcd4cb8a8fc4a3dba8741711a3ab0/pyside6_essentials-6.10.3-cp39-abi3-manylinux_2_34_x86_64.whl", hash = "sha256:5fb32b48010f513335a2166ac3df279c5996fb96402fd91a4875fc717fe55de0", size = 77077386, upload-time = "2026-04-02T08:48:47.9Z" },
    { url = "https://files.pythonhosted.org/packages/73/9d/90c6c356f7a261be3e40d655baaec394622cd58b14fd98fdd582ed0c644a/pyside6_essentials-6.10.3-cp39-abi3-manylinux_2_39_aarch64.whl", hash = "sha256:6f1b226930828caef622aef0f1fe718db54849b29102617bc978c0120368ed6b", size = 76166253, upload-time = "2026-04-02T08:48:56.2Z" },
    { url = "https://files.pythonhosted.org/packages/bf/11/7cfcfc74213b8e33aecef6fa05dcedf45e65385155f07486a514a9777b0d/pyside6_essentials-6.10.3-cp39-abi3-win_amd64.whl", hash = "sha256:051a70e2df79cf1c012a208ad82a98e8de23ca7fe3b0f3344d07152d15705b59", size = 74610897, upload-time = "2026-04-02T08:49:06.878Z" },
    { url = "https://files.pythonhosted.org/packages/28/53/d43a9f3ac21fbaa9ba517b9d5f28297a4eb11ded6a85b625d71b1e6f3f49/pyside6_essentials-6.10.3-cp39-abi3-win_arm64.whl", hash = "sha256:f9124e2f4a4cedba83bea11f712b152093ff91be3512e17c64ffc4f43f02bddd", size = 55296520, upload-time = "2026-04-02T08:49:15.249Z" },
]

[[package]]
name = "pyside6-essentials"
version = "6.11.2"
source = { registry = "https://pypi.org/simple" }
resolution-markers = [
    "python_full_version >= '3.10'",
]
dependencies = [
    { name = "shiboken6", version = "6.11.2", source = { registry = "https://pypi.org/simple" }, marker = "python_full_version >= '3.10'" },
]
wheels = [
    { url = "https://files.pythonhosted.org/packages/6f/16/0b7ecf89ebada82ed0430be33809ff325761ece83104f8635b1bd101fcd0/pyside6_essentials-6.11.2-cp310-abi3-macosx_13_0_universal2.whl", hash = "sha256:77795c145202e65a78d88f7cd409d186e3ba23d159bdb3ba2dcd159ae5e5f0d9", size = 110800753, upload-time = "2026-08-18T06:36:33.674Z" },
    { url = "https://files.pythonhosted.org/packages/0e/1a/84a84bbc75835ee88abdcb66eb875b8e1a21834af9b833bc1893f2c1bfaf/pyside6_essentials-6.11.2-cp310-abi3-manylinux_2_34_x86_64.whl", hash = "sha256:aaf9f25f0f324874085fa5b26a610318db8a8e243cf85bb3e5400595191c7778", size = 80108947, upload-time = "2026-08-18T06:36:40.637Z" },
    { url = "https://files.pythonhosted.org/packages/60/4c/d92b08a2151d095b9a3725fa0e71b215ec686d40bbd5d8b702d21a9b5eaa/pyside6_essentials-6.11.2-cp310-abi3-manylinux_2_39_aarch64.whl", hash = "sha256:d3ec6e1885c46e57f16364f38ea8040ffc5dc0b18341058f608fede3ba930567", size = 79575497, upload-time = "2026-08-18T06:36:46.97Z" },
    { url = "https://files.pythonhosted.org/packages/dc/09/d2662684aee4d3f027ff9b1e965f22301bc28ffc5b7f167658508e4475dc/pyside6_essentials-6.11.2-cp310-abi3-win_amd64.whl", hash = "sha256:c8a29def77032773a30879f7f24415b5395ad08592d147c170824ef4c735dfc1", size = 76913043, upload-time = "2026-08-18T06:36:54.038Z" },
    { url = "https://files.pythonhosted.org/packages/cd/87/4dd2a6468cea600da1fcf9c7f02bc248eeaa98cdc75658e48e669d95326a/pyside6_essentials-6.11.2-cp310-abi3-win_arm64.whl", hash = "sha256:fadd75c5c20800d64dd0a586ea8cb337c5e630aa2246df0e5105738afa46e02c", size = 58125520, upload-time = "2026-08-18T06:36:59.073Z" },
]

[[package]]
name = "shiboken6"
version = "6.10.3"
source = { registry = "https://pypi.org/simple" }
resolution-markers = [
    "python_full_version < '3.10'",
]
wheels = [
    { url = "https://files.pythonhosted.org/packages/00/0d/ac1380fbb4d247be6b82931797826d8d18d59d96a48d8395d61cca0a4862/shiboken6-6.10.3-cp39-abi3-macosx_13_0_universal2.whl", hash = "sha256:3827489c2b3059541a71678916716f2867eeeac8724adb6f82de6e69d1b5cfe8", size = 479931, upload-time = "2026-04-02T08:49:31.875Z" },
    { url = "https://files.pythonhosted.org/packages/1b/c5/cbc20e31c0d7c47adeb5a6557991ce0eaab7a0288ee3b6aa25edaf3215d7/shiboken6-6.10.3-cp39-abi3-manylinux_2_34_x86_64.whl", hash = "sha256:99e8ac3319a2c93a4a8f8bb4512d71a9d43bc9f226f094a80a728d6dcc3e4826", size = 273084, upload-time = "2026-04-02T08:49:33.36Z" },
    { url = "https://files.pythonhosted.org/packages/da/e3/ee446f92a8fd84a46230e6fb811cd914857802a0987ee91d87738e6bad20/shiboken6-6.10.3-cp39-abi3-manylinux_2_39_aarch64.whl", hash = "sha256:49d08bff0c36edb839aca0a8059fd771c81b4a0770f38f374542aae03f860c07", size = 269936, upload-time = "2026-04-02T08:49:34.662Z" },
    { url = "https://files.pythonhosted.org/packages/fa/6a/488cf05549e3888dff5424e7713e29e45955c14f2041bf99f3f493b1acc8/shiboken6-6.10.3-cp39-abi3-win_amd64.whl", hash = "sha256:38261c88e87a1c32d1302b642b755470d2369c78af3c7d7d9e95d631f79b556c", size = 1222126, upload-time = "2026-04-02T08:49:36.154Z" },
    { url = "https://files.pythonhosted.org/packages/2e/5a/5be8092d6b7ad9f0c8d96a9db8e3fe0e76f9a75e2a8a96814d06844e9de1/shiboken6-6.10.3-cp39-abi3-win_arm64.whl", hash = "sha256:7f196245985bcf85d5c6d1cfd870f139484d5259c16e8a42deddacca0671bfbe", size = 1784185, upload-time = "2026-04-02T08:49:38.01Z" },
]

[[package]]
name = "shiboken6"
version = "6.11.2"
source = { registry = "https://pypi.org/simple" }
resolution-markers = [
    "python_full_version >= '3.10'",
]
wheels = [
    { url = "https://files.pythonhosted.org/packages/47/44/11bf71c36e71936ab4e923e5dd23599dab527c4488b01860b0f689ce9947/shiboken6-6.11.2-cp310-abi3-macosx_13_0_universal2.whl", hash = "sha256:53659683b1f7a08e9f87eff9b1065f1ceb7110cd7a4bc09fdf5efe43d286604d", size = 476674, upload-time = "2026-08-18T06:37:11.526Z" },
    { url = "https://files.pythonhosted.org/packages/a5/9a/f41bea4316d0c1bec4800842dcb4bd8fd3e29d6a79c496bc32e1aec42583/shiboken6-6.11.2-cp310-abi3-manylinux_2_34_x86_64.whl", hash = "sha256:7a7a0a72a9ed26c9bf77d42246b1c736486befb8f31aa2fb29957ea4cdd1c1c2", size = 272435, upload-time = "2026-08-18T06:37:13.397Z" },
    { url = "https://files.pythonhosted.org/packages/56/05/79ed0697515d4fc7435459e4ed4c4a3b5621a55b7c91d0f3f2cc3d617aa0/shiboken6-6.11.2-cp310-abi3-manylinux_2_39_aarch64.whl", hash = "sha256:4bbbd6fa4d7cff5ec5e12bc4c10e1d845fa30c89457ecb13cc64f7bddb77f6f9", size = 270668, upload-time = "2026-08-18T06:37:15.025Z" },
    { url = "https://files.pythonhosted.org/packages/ce/6b/fee1b4814317e4664e318644c9c007676c65a71e5b2b9d3ac4121a94dc0a/shiboken6-6.11.2-cp310-abi3-win_amd64.whl", hash = "sha256:6ab0eba1c904455df621f9a6df3ca2bb896bab8670572d2bc4e37804ae91f19a", size = 1226578, upload-time = "2026-08-18T06:37:18.002Z" },
    { url = "https://files.pythonhosted.org/packages/4d/b5/80c4e5aafeb8ac777cf5a1becfe87ac7197c35051df00b5f7819787e09d5/shiboken6-6.11.2-cp310-abi3-win_arm64.whl", hash = "sha256:97c49432488df958f0308736f3d15b6915d8826fc380af17bb4b9ec5c4a5e81b", size = 1784669, upload-time = "2026-08-18T06:37:21.046Z" },
]
